// !$*UTF8*$!
{
	archiveVersion = 1;
	classes = {
	};
	objectVersion = 56;
	objects = {

/* Begin PBXBuildFile section */
		D8A963C92B02BAFD00333A0B /* AppDelegate.swift in Sources */ = {isa = PBXBuildFile; fileRef = D8A963C82B02BAFD00333A0B /* AppDelegate.swift */; };
		D8A963CB2B02BAFD00333A0B /* SceneDelegate.swift in Sources */ = {isa = PBXBuildFile; fileRef = D8A963CA2B02BAFD00333A0B /* SceneDelegate.swift */; };
		D8A963CD2B02BAFD00333A0B /* WorkoutViewController.swift in Sources */ = {isa = PBXBuildFile; fileRef = D8A963CC2B02BAFD00333A0B /* WorkoutViewController.swift */; };
		D8A963D02B02BAFD00333A0B /* Main.storyboard in Resources */ = {isa = PBXBuildFile; fileRef = D8A963CE2B02BAFD00333A0B /* Main.storyboard */; };
		D8A963D22B02BAFE00333A0B /* Assets.xcassets in Resources */ = {isa = PBXBuildFile; fileRef = D8A963D12B02BAFE00333A0B /* Assets.xcassets */; };
		D8A963D52B02BAFE00333A0B /* LaunchScreen.storyboard in Resources */ = {isa = PBXBuildFile; fileRef = D8A963D32B02BAFE00333A0B /* LaunchScreen.storyboard */; };
		D8A963DD2B02BBB700333A0B /* WorkoutInputViewController.swift in Sources */ = {isa = PBXBuildFile; fileRef = D8A963DC2B02BBB700333A0B /* WorkoutInputViewController.swift */; };
		D8A963DF2B02BBE800333A0B /* WorkoutCell.swift in Sources */ = {isa = PBXBuildFile; fileRef = D8A963DE2B02BBE800333A0B /* WorkoutCell.swift */; };
		D8A963E12B02BC1600333A0B /* Workout.swift in Sources */ = {isa = PBXBuildFile; fileRef = D8A963E02B02BC1600333A0B /* Workout.swift */; };
		D8A963E72B02FAF300333A0B /* ShowExercises.swift in Sources */ = {isa = PBXBuildFile; fileRef = D8A963E62B02FAF300333A0B /* ShowExercises.swift */; };
		D8A963E92B030F4600333A0B /* ExerciseCell.swift in Sources */ = {isa = PBXBuildFile; fileRef = D8A963E82B030F4600333A0B /* ExerciseCell.swift */; };
		D8A963EB2B0422C900333A0B /* EditExercise.swift in Sources */ = {isa = PBXBuildFile; fileRef = D8A963EA2B0422C900333A0B /* EditExercise.swift */; };
		D8A963ED2B04368E00333A0B /* SetDataCell.swift in Sources */ = {isa = PBXBuildFile; fileRef = D8A963EC2B04368D00333A0B /* SetDataCell.swift */; };
/* End PBXBuildFile section */

/* Begin PBXFileReference section */
		D8A963C52B02BAFD00333A0B /* OverloadTrackerv2.app */ = {isa = PBXFileReference; explicitFileType = wrapper.application; includeInIndex = 0; path = OverloadTrackerv2.app; sourceTree = BUILT_PRODUCTS_DIR; };
		D8A963C82B02BAFD00333A0B /* AppDelegate.swift */ = {isa = PBXFileReference; lastKnownFileType = sourcecode.swift; path = AppDelegate.swift; sourceTree = "<group>"; };
		D8A963CA2B02BAFD00333A0B /* SceneDelegate.swift */ = {isa = PBXFileReference; lastKnownFileType = sourcecode.swift; path = SceneDelegate.swift; sourceTree = "<group>"; };
		D8A963CC2B02BAFD00333A0B /* WorkoutViewController.swift */ = {isa = PBXFileReference; lastKnownFileType = sourcecode.swift; path = WorkoutViewController.swift; sourceTree = "<group>"; };
		D8A963CF2B02BAFD00333A0B /* Base */ = {isa = PBXFileReference; lastKnownFileType = file.storyboard; name = Base; path = Base.lproj/Main.storyboard; sourceTree = "<group>"; };
		D8A963D12B02BAFE00333A0B /* Assets.xcassets */ = {isa = PBXFileReference; lastKnownFileType = folder.assetcatalog; path = Assets.xcassets; sourceTree = "<group>"; };
		D8A963D42B02BAFE00333A0B /* Base */ = {isa = PBXFileReference; lastKnownFileType = file.storyboard; name = Base; path = Base.lproj/LaunchScreen.storyboard; sourceTree = "<group>"; };
		D8A963D62B02BAFE00333A0B /* Info.plist */ = {isa = PBXFileReference; lastKnownFileType = text.plist.xml; path = Info.plist; sourceTree = "<group>"; };
		D8A963DC2B02BBB700333A0B /* WorkoutInputViewController.swift */ = {isa = PBXFileReference; lastKnownFileType = sourcecode.swift; path = WorkoutInputViewController.swift; sourceTree = "<group>"; };
		D8A963DE2B02BBE800333A0B /* WorkoutCell.swift */ = {isa = PBXFileReference; lastKnownFileType = sourcecode.swift; path = WorkoutCell.swift; sourceTree = "<group>"; };
		D8A963E02B02BC1600333A0B /* Workout.swift */ = {isa = PBXFileReference; lastKnownFileType = sourcecode.swift; path = Workout.swift; sourceTree = "<group>"; };
		D8A963E62B02FAF300333A0B /* ShowExercises.swift */ = {isa = PBXFileReference; lastKnownFileType = sourcecode.swift; path = ShowExercises.swift; sourceTree = "<group>"; };
		D8A963E82B030F4600333A0B /* ExerciseCell.swift */ = {isa = PBXFileReference; lastKnownFileType = sourcecode.swift; path = ExerciseCell.swift; sourceTree = "<group>"; };
		D8A963EA2B0422C900333A0B /* EditExercise.swift */ = {isa = PBXFileReference; lastKnownFileType = sourcecode.swift; path = EditExercise.swift; sourceTree = "<group>"; };
		D8A963EC2B04368D00333A0B /* SetDataCell.swift */ = {isa = PBXFileReference; lastKnownFileType = sourcecode.swift; path = SetDataCell.swift; sourceTree = "<group>"; };
/* End PBXFileReference section */

/* Begin PBXFrameworksBuildPhase section */
		D8A963C22B02BAFD00333A0B /* Frameworks */ = {
			isa = PBXFrameworksBuildPhase;
			buildActionMask = 2147483647;
			files = (
			);
			runOnlyForDeploymentPostprocessing = 0;
		};
/* End PBXFrameworksBuildPhase section */

/* Begin PBXGroup section */
		D8A963BC2B02BAFD00333A0B = {
			isa = PBXGroup;
			children = (
				D8A963C72B02BAFD00333A0B /* OverloadTrackerv2 */,
				D8A963C62B02BAFD00333A0B /* Products */,
			);
			sourceTree = "<group>";
		};
		D8A963C62B02BAFD00333A0B /* Products */ = {
			isa = PBXGroup;
			children = (
				D8A963C52B02BAFD00333A0B /* OverloadTrackerv2.app */,
			);
			name = Products;
			sourceTree = "<group>";
		};
		D8A963C72B02BAFD00333A0B /* OverloadTrackerv2 */ = {
			isa = PBXGroup;
			children = (
				D8A963C82B02BAFD00333A0B /* AppDelegate.swift */,
				D8A963EC2B04368D00333A0B /* SetDataCell.swift */,
				D8A963CA2B02BAFD00333A0B /* SceneDelegate.swift */,
				D8A963CC2B02BAFD00333A0B /* WorkoutViewController.swift */,
				D8A963DC2B02BBB700333A0B /* WorkoutInputViewController.swift */,
				D8A963DE2B02BBE800333A0B /* WorkoutCell.swift */,
				D8A963EA2B0422C900333A0B /* EditExercise.swift */,
				D8A963E02B02BC1600333A0B /* Workout.swift */,
				D8A963CE2B02BAFD00333A0B /* Main.storyboard */,
				D8A963E62B02FAF300333A0B /* ShowExercises.swift */,
				D8A963E82B030F4600333A0B /* ExerciseCell.swift */,
				D8A963D12B02BAFE00333A0B /* Assets.xcassets */,
				D8A963D32B02BAFE00333A0B /* LaunchScreen.storyboard */,
				D8A963D62B02BAFE00333A0B /* Info.plist */,
			);
			path = OverloadTrackerv2;
			sourceTree = "<group>";
		};
/* End PBXGroup section */

/* Begin PBXNativeTarget section */
		D8A963C42B02BAFD00333A0B /* OverloadTrackerv2 */ = {
			isa = PBXNativeTarget;
			buildConfigurationList = D8A963D92B02BAFE00333A0B /* Build configuration list for PBXNativeTarget "OverloadTrackerv2" */;
			buildPhases = (
				D8A963C12B02BAFD00333A0B /* Sources */,
				D8A963C22B02BAFD00333A0B /* Frameworks */,
				D8A963C32B02BAFD00333A0B /* Resources */,
			);
			buildRules = (
			);
			dependencies = (
			);
			name = OverloadTrackerv2;
			productName = OverloadTrackerv2;
			productReference = D8A963C52B02BAFD00333A0B /* OverloadTrackerv2.app */;
			productType = "com.apple.product-type.application";
		};
/* End PBXNativeTarget section */

/* Begin PBXProject section */
		D8A963BD2B02BAFD00333A0B /* Project object */ = {
			isa = PBXProject;
			attributes = {
				BuildIndependentTargetsInParallel = 1;
				LastSwiftUpdateCheck = 1400;
				LastUpgradeCheck = 1400;
				TargetAttributes = {
					D8A963C42B02BAFD00333A0B = {
						CreatedOnToolsVersion = 14.0.1;
					};
				};
			};
			buildConfigurationList = D8A963C02B02BAFD00333A0B /* Build configuration list for PBXProject "OverloadTrackerv2" */;
			compatibilityVersion = "Xcode 14.0";
			developmentRegion = en;
			hasScannedForEncodings = 0;
			knownRegions = (
				en,
				Base,
			);
			mainGroup = D8A963BC2B02BAFD00333A0B;
			productRefGroup = D8A963C62B02BAFD00333A0B /* Products */;
			projectDirPath = "";
			projectRoot = "";
			targets = (
				D8A963C42B02BAFD00333A0B /* OverloadTrackerv2 */,
			);
		};
/* End PBXProject section */

/* Begin PBXResourcesBuildPhase section */
		D8A963C32B02BAFD00333A0B /* Resources */ = {
			isa = PBXResourcesBuildPhase;
			buildActionMask = 2147483647;
			files = (
				D8A963D52B02BAFE00333A0B /* LaunchScreen.storyboard in Resources */,
				D8A963D22B02BAFE00333A0B /* Assets.xcassets in Resources */,
				D8A963D02B02BAFD00333A0B /* Main.storyboard in Resources */,
			);
			runOnlyForDeploymentPostprocessing = 0;
		};
/* End PBXResourcesBuildPhase section */

/* Begin PBXSourcesBuildPhase section */
		D8A963C12B02BAFD00333A0B /* Sources */ = {
			isa = PBXSourcesBuildPhase;
			buildActionMask = 2147483647;
			files = (
				D8A963ED2B04368E00333A0B /* SetDataCell.swift in Sources */,
				D8A963CD2B02BAFD00333A0B /* WorkoutViewController.swift in Sources */,
				D8A963DF2B02BBE800333A0B /* WorkoutCell.swift in Sources */,
				D8A963E72B02FAF300333A0B /* ShowExercises.swift in Sources */,
				D8A963C92B02BAFD00333A0B /* AppDelegate.swift in Sources */,
				D8A963DD2B02BBB700333A0B /* WorkoutInputViewController.swift in Sources */,
				D8A963E92B030F4600333A0B /* ExerciseCell.swift in Sources */,
				D8A963CB2B02BAFD00333A0B /* SceneDelegate.swift in Sources */,
				D8A963E12B02BC1600333A0B /* Workout.swift in Sources */,
				D8A963EB2B0422C900333A0B /* EditExercise.swift in Sources */,
			);
			runOnlyForDeploymentPostprocessing = 0;
		};
/* End PBXSourcesBuildPhase section */

/* Begin PBXVariantGroup section */
		D8A963CE2B02BAFD00333A0B /* Main.storyboard */ = {
			isa = PBXVariantGroup;
			children = (
				D8A963CF2B02BAFD00333A0B /* Base */,
			);
			name = Main.storyboard;
			sourceTree = "<group>";
		};
		D8A963D32B02BAFE00333A0B /* LaunchScreen.storyboard */ = {
			isa = PBXVariantGroup;
			children = (
				D8A963D42B02BAFE00333A0B /* Base */,
			);
			name = LaunchScreen.storyboard;
			sourceTree = "<group>";
		};
/* End PBXVariantGroup section */

/* Begin XCBuildConfiguration section */
		D8A963D72B02BAFE00333A0B /* Debug */ = {
			isa = XCBuildConfiguration;
			buildSettings = {
				ALWAYS_SEARCH_USER_PATHS = NO;
				CLANG_ANALYZER_NONNULL = YES;
				CLANG_ANALYZER_NUMBER_OBJECT_CONVERSION = YES_AGGRESSIVE;
				CLANG_CXX_LANGUAGE_STANDARD = "gnu++20";
				CLANG_ENABLE_MODULES = YES;
				CLANG_ENABLE_OBJC_ARC = YES;
				CLANG_ENABLE_OBJC_WEAK = YES;
				CLANG_WARN_BLOCK_CAPTURE_AUTORELEASING = YES;
				CLANG_WARN_BOOL_CONVERSION = YES;
				CLANG_WARN_COMMA = YES;
				CLANG_WARN_CONSTANT_CONVERSION = YES;
				CLANG_WARN_DEPRECATED_OBJC_IMPLEMENTATIONS = YES;
				CLANG_WARN_DIRECT_OBJC_ISA_USAGE = YES_ERROR;
				CLANG_WARN_DOCUMENTATION_COMMENTS = YES;
				CLANG_WARN_EMPTY_BODY = YES;
				CLANG_WARN_ENUM_CONVERSION = YES;
				CLANG_WARN_INFINITE_RECURSION = YES;
				CLANG_WARN_INT_CONVERSION = YES;
				CLANG_WARN_NON_LITERAL_NULL_CONVERSION = YES;
				CLANG_WARN_OBJC_IMPLICIT_RETAIN_SELF = YES;
				CLANG_WARN_OBJC_LITERAL_CONVERSION = YES;
				CLANG_WARN_OBJC_ROOT_CLASS = YES_ERROR;
				CLANG_WARN_QUOTED_INCLUDE_IN_FRAMEWORK_HEADER = YES;
				CLANG_WARN_RANGE_LOOP_ANALYSIS = YES;
				CLANG_WARN_STRICT_PROTOTYPES = YES;
				CLANG_WARN_SUSPICIOUS_MOVE = YES;
				CLANG_WARN_UNGUARDED_AVAILABILITY = YES_AGGRESSIVE;
				CLANG_WARN_UNREACHABLE_CODE = YES;
				CLANG_WARN__DUPLICATE_METHOD_MATCH = YES;
				COPY_PHASE_STRIP = NO;
				DEBUG_INFORMATION_FORMAT = dwarf;
				ENABLE_STRICT_OBJC_MSGSEND = YES;
				ENABLE_TESTABILITY = YES;
				GCC_C_LANGUAGE_STANDARD = gnu11;
				GCC_DYNAMIC_NO_PIC = NO;
				GCC_NO_COMMON_BLOCKS = YES;
				GCC_OPTIMIZATION_LEVEL = 0;
				GCC_PREPROCESSOR_DEFINITIONS = (
					"DEBUG=1",
					"$(inherited)",
				);
				GCC_WARN_64_TO_32_BIT_CONVERSION = YES;
				GCC_WARN_ABOUT_RETURN_TYPE = YES_ERROR;
				GCC_WARN_UNDECLARED_SELECTOR = YES;
				GCC_WARN_UNINITIALIZED_AUTOS = YES_AGGRESSIVE;
				GCC_WARN_UNUSED_FUNCTION = YES;
				GCC_WARN_UNUSED_VARIABLE = YES;
				IPHONEOS_DEPLOYMENT_TARGET = 16.0;
				MTL_ENABLE_DEBUG_INFO = INCLUDE_SOURCE;
				MTL_FAST_MATH = YES;
				ONLY_ACTIVE_ARCH = YES;
				SDKROOT = iphoneos;
				SWIFT_ACTIVE_COMPILATION_CONDITIONS = DEBUG;
				SWIFT_OPTIMIZATION_LEVEL = "-Onone";
			};
			name = Debug;
		};
		D8A963D82B02BAFE00333A0B /* Release */ = {
			isa = XCBuildConfiguration;
			buildSettings = {
				ALWAYS_SEARCH_USER_PATHS = NO;
				CLANG_ANALYZER_NONNULL = YES;
				CLANG_ANALYZER_NUMBER_OBJECT_CONVERSION = YES_AGGRESSIVE;
				CLANG_CXX_LANGUAGE_STANDARD = "gnu++20";
				CLANG_ENABLE_MODULES = YES;
				CLANG_ENABLE_OBJC_ARC = YES;
				CLANG_ENABLE_OBJC_WEAK = YES;
				CLANG_WARN_BLOCK_CAPTURE_AUTORELEASING = YES;
				CLANG_WARN_BOOL_CONVERSION = YES;
				CLANG_WARN_COMMA = YES;
				CLANG_WARN_CONSTANT_CONVERSION = YES;
				CLANG_WARN_DEPRECATED_OBJC_IMPLEMENTATIONS = YES;
				CLANG_WARN_DIRECT_OBJC_ISA_USAGE = YES_ERROR;
				CLANG_WARN_DOCUMENTATION_COMMENTS = YES;
				CLANG_WARN_EMPTY_BODY = YES;
				CLANG_WARN_ENUM_CONVERSION = YES;
				CLANG_WARN_INFINITE_RECURSION = YES;
				CLANG_WARN_INT_CONVERSION = YES;
				CLANG_WARN_NON_LITERAL_NULL_CONVERSION = YES;
				CLANG_WARN_OBJC_IMPLICIT_RETAIN_SELF = YES;
				CLANG_WARN_OBJC_LITERAL_CONVERSION = YES;
				CLANG_WARN_OBJC_ROOT_CLASS = YES_ERROR;
				CLANG_WARN_QUOTED_INCLUDE_IN_FRAMEWORK_HEADER = YES;
				CLANG_WARN_RANGE_LOOP_ANALYSIS = YES;
				CLANG_WARN_STRICT_PROTOTYPES = YES;
				CLANG_WARN_SUSPICIOUS_MOVE = YES;
				CLANG_WARN_UNGUARDED_AVAILABILITY = YES_AGGRESSIVE;
				CLANG_WARN_UNREACHABLE_CODE = YES;
				CLANG_WARN__DUPLICATE_METHOD_MATCH = YES;
				COPY_PHASE_STRIP = NO;
				DEBUG_INFORMATION_FORMAT = "dwarf-with-dsym";
				ENABLE_NS_ASSERTIONS = NO;
				ENABLE_STRICT_OBJC_MSGSEND = YES;
				GCC_C_LANGUAGE_STANDARD = gnu11;
				GCC_NO_COMMON_BLOCKS = YES;
				GCC_WARN_64_TO_32_BIT_CONVERSION = YES;
				GCC_WARN_ABOUT_RETURN_TYPE = YES_ERROR;
				GCC_WARN_UNDECLARED_SELECTOR = YES;
				GCC_WARN_UNINITIALIZED_AUTOS = YES_AGGRESSIVE;
				GCC_WARN_UNUSED_FUNCTION = YES;
				GCC_WARN_UNUSED_VARIABLE = YES;
				IPHONEOS_DEPLOYMENT_TARGET = 16.0;
				MTL_ENABLE_DEBUG_INFO = NO;
				MTL_FAST_MATH = YES;
				SDKROOT = iphoneos;
				SWIFT_COMPILATION_MODE = wholemodule;
				SWIFT_OPTIMIZATION_LEVEL = "-O";
				VALIDATE_PRODUCT = YES;
			};
			name = Release;
		};
		D8A963DA2B02BAFE00333A0B /* Debug */ = {
			isa = XCBuildConfiguration;
			buildSettings = {
				ASSETCATALOG_COMPILER_APPICON_NAME = AppIcon;
				ASSETCATALOG_COMPILER_GLOBAL_ACCENT_COLOR_NAME = AccentColor;
				CODE_SIGN_STYLE = Automatic;
				CURRENT_PROJECT_VERSION = 1;
				GENERATE_INFOPLIST_FILE = YES;
				INFOPLIST_FILE = OverloadTrackerv2/Info.plist;
				INFOPLIST_KEY_UIApplicationSupportsIndirectInputEvents = YES;
				INFOPLIST_KEY_UILaunchStoryboardName = LaunchScreen;
				INFOPLIST_KEY_UIMainStoryboardFile = Main;
				INFOPLIST_KEY_UISupportedInterfaceOrientations_iPad = "UIInterfaceOrientationPortrait UIInterfaceOrientationPortraitUpsideDown UIInterfaceOrientationLandscapeLeft UIInterfaceOrientationLandscapeRight";
				INFOPLIST_KEY_UISupportedInterfaceOrientations_iPhone = "UIInterfaceOrientationPortrait UIInterfaceOrientationLandscapeLeft UIInterfaceOrientationLandscapeRight";
				LD_RUNPATH_SEARCH_PATHS = (
					"$(inherited)",
					"@executable_path/Frameworks",
				);
				MARKETING_VERSION = 1.0;
				PRODUCT_BUNDLE_IDENTIFIER = SalvadorFrias.OverloadTrackerv2;
				PRODUCT_NAME = "$(TARGET_NAME)";
				SWIFT_EMIT_LOC_STRINGS = YES;
				SWIFT_VERSION = 5.0;
				TARGETED_DEVICE_FAMILY = "1,2";
			};
			name = Debug;
		};
		D8A963DB2B02BAFE00333A0B /* Release */ = {
			isa = XCBuildConfiguration;
			buildSettings = {
				ASSETCATALOG_COMPILER_APPICON_NAME = AppIcon;
				ASSETCATALOG_COMPILER_GLOBAL_ACCENT_COLOR_NAME = AccentColor;
				CODE_SIGN_STYLE = Automatic;
				CURRENT_PROJECT_VERSION = 1;
				GENERATE_INFOPLIST_FILE = YES;
				INFOPLIST_FILE = OverloadTrackerv2/Info.plist;
				INFOPLIST_KEY_UIApplicationSupportsIndirectInputEvents = YES;
				INFOPLIST_KEY_UILaunchStoryboardName = LaunchScreen;
				INFOPLIST_KEY_UIMainStoryboardFile = Main;
				INFOPLIST_KEY_UISupportedInterfaceOrientations_iPad = "UIInterfaceOrientationPortrait UIInterfaceOrientationPortraitUpsideDown UIInterfaceOrientationLandscapeLeft UIInterfaceOrientationLandscapeRight";
				INFOPLIST_KEY_UISupportedInterfaceOrientations_iPhone = "UIInterfaceOrientationPortrait UIInterfaceOrientationLandscapeLeft UIInterfaceOrientationLandscapeRight";
				LD_RUNPATH_SEARCH_PATHS = (
					"$(inherited)",
					"@executable_path/Frameworks",
				);
				MARKETING_VERSION = 1.0;
				PRODUCT_BUNDLE_IDENTIFIER = SalvadorFrias.OverloadTrackerv2;
				PRODUCT_NAME = "$(TARGET_NAME)";
				SWIFT_EMIT_LOC_STRINGS = YES;
				SWIFT_VERSION = 5.0;
				TARGETED_DEVICE_FAMILY = "1,2";
			};
			name = Release;
		};
/* End XCBuildConfiguration section */

/* Begin XCConfigurationList section */
		D8A963C02B02BAFD00333A0B /* Build configuration list for PBXProject "OverloadTrackerv2" */ = {
			isa = XCConfigurationList;
			buildConfigurations = (
				D8A963D72B02BAFE00333A0B /* Debug */,
				D8A963D82B02BAFE00333A0B /* Release */,
			);
			defaultConfigurationIsVisible = 0;
			defaultConfigurationName = Release;
		};
		D8A963D92B02BAFE00333A0B /* Build configuration list for PBXNativeTarget "OverloadTrackerv2" */ = {
			isa = XCConfigurationList;
			buildConfigurations = (
				D8A963DA2B02BAFE00333A0B /* Debug */,
				D8A963DB2B02BAFE00333A0B /* Release */,
			);
			defaultConfigurationIsVisible = 0;
			defaultConfigurationName = Release;
		};
/* End XCConfigurationList section */
	};
	rootObject = D8A963BD2B02BAFD00333A0B /* Project object */;
}
